
Microsoft Visual Studio Solution File, Format Version 12.00
# Visual Studio Version 17
VisualStudioVersion = 17.4.33403.182
MinimumVisualStudioVersion = 10.0.40219.1
Project("{9A19103F-16F7-4668-BE54-9A1E7A4F7556}") = "ML Coaching Support", "ML Coaching Support\ML Coaching Support.csproj", "{BB39B778-FFF1-40EA-888B-F8ADC79FF3F5}"
EndProject
Global
	GlobalSection(SolutionConfigurationPlatforms) = preSolution
		Debug|Any CPU = Debug|Any CPU
		Release|Any CPU = Release|Any CPU
	EndGlobalSection
	GlobalSection(ProjectConfigurationPlatforms) = postSolution
		{BB39B778-FFF1-40EA-888B-F8ADC79FF3F5}.Debug|Any CPU.ActiveCfg = Debug|Any CPU
		{BB39B778-FFF1-40EA-888B-F8ADC79FF3F5}.Debug|Any CPU.Build.0 = Debug|Any CPU
		{BB39B778-FFF1-40EA-888B-F8ADC79FF3F5}.Release|Any CPU.ActiveCfg = Release|Any CPU
		{BB39B778-FFF1-40EA-888B-F8ADC79FF3F5}.Release|Any CPU.Build.0 = Release|Any CPU
	EndGlobalSection
	GlobalSection(SolutionProperties) = preSolution
		HideSolutionNode = FALSE
	EndGlobalSection
	GlobalSection(ExtensibilityGlobals) = postSolution
		SolutionGuid = {338125D4-7D1D-4224-B145-2EB548A879B0}
	EndGlobalSection
EndGlobal
